
Microsoft Visual Studio Solution File, Format Version 12.00
# Visual Studio Version 16
VisualStudioVersion = 16.0.32228.343
MinimumVisualStudioVersion = 10.0.40219.1
Project("{FAE04EC0-301F-11D3-BF4B-00C04F79EFBC}") = "DruidPizza", "DruidPizza\DruidPizza.csproj", "{B2DFA5B8-08B7-468D-8B6C-6EF36A47829D}"
EndProject
Global
	GlobalSection(SolutionConfigurationPlatforms) = preSolution
		Debug|Any CPU = Debug|Any CPU
		Release|Any CPU = Release|Any CPU
	EndGlobalSection
	GlobalSection(ProjectConfigurationPlatforms) = postSolution
		{B2DFA5B8-08B7-468D-8B6C-6EF36A47829D}.Debug|Any CPU.ActiveCfg = Debug|Any CPU
		{B2DFA5B8-08B7-468D-8B6C-6EF36A47829D}.Debug|Any CPU.Build.0 = Debug|Any CPU
		{B2DFA5B8-08B7-468D-8B6C-6EF36A47829D}.Release|Any CPU.ActiveCfg = Release|Any CPU
		{B2DFA5B8-08B7-468D-8B6C-6EF36A47829D}.Release|Any CPU.Build.0 = Release|Any CPU
	EndGlobalSection
	GlobalSection(SolutionProperties) = preSolution
		HideSolutionNode = FALSE
	EndGlobalSection
	GlobalSection(ExtensibilityGlobals) = postSolution
		SolutionGuid = {9113D0BF-FDF1-4D0C-A3B6-2F3C325C4637}
	EndGlobalSection
EndGlobal
